
Microsoft Visual Studio Solution File, Format Version 12.00
# Visual Studio 15
VisualStudioVersion = 15.0.28307.1231
MinimumVisualStudioVersion = 10.0.40219.1
Project("{8BC9CEB8-8B4A-11D0-8D11-00A0C91BC942}") = "rtklib", "rtklib\rtklib.vcxproj", "{83E5BC92-18ED-4311-9586-5C6B72D404BE}"
EndProject
Global
	GlobalSection(SolutionConfigurationPlatforms) = preSolution
		Debug|x64 = Debug|x64
		Debug|x86 = Debug|x86
		Release|x64 = Release|x64
		Release|x86 = Release|x86
	EndGlobalSection
	GlobalSection(ProjectConfigurationPlatforms) = postSolution
		{83E5BC92-18ED-4311-9586-5C6B72D404BE}.Debug|x64.ActiveCfg = Debug|x64
		{83E5BC92-18ED-4311-9586-5C6B72D404BE}.Debug|x64.Build.0 = Debug|x64
		{83E5BC92-18ED-4311-9586-5C6B72D404BE}.Debug|x86.ActiveCfg = Debug|Win32
		{83E5BC92-18ED-4311-9586-5C6B72D404BE}.Debug|x86.Build.0 = Debug|Win32
		{83E5BC92-18ED-4311-9586-5C6B72D404BE}.Release|x64.ActiveCfg = Release|x64
		{83E5BC92-18ED-4311-9586-5C6B72D404BE}.Release|x64.Build.0 = Release|x64
		{83E5BC92-18ED-4311-9586-5C6B72D404BE}.Release|x86.ActiveCfg = Release|Win32
		{83E5BC92-18ED-4311-9586-5C6B72D404BE}.Release|x86.Build.0 = Release|Win32
	EndGlobalSection
	GlobalSection(SolutionProperties) = preSolution
		HideSolutionNode = FALSE
	EndGlobalSection
	GlobalSection(ExtensibilityGlobals) = postSolution
		SolutionGuid = {1379EB33-42CE-4AC6-9AFD-E828CA9694E6}
	EndGlobalSection
EndGlobal
