
Microsoft Visual Studio Solution File, Format Version 12.00
# Visual Studio 15
VisualStudioVersion = 15.0.28307.1231
MinimumVisualStudioVersion = 10.0.40219.1
Project("{8BC9CEB8-8B4A-11D0-8D11-00A0C91BC942}") = "rtklib-v2", "rtklib-v2\rtklib-v2.vcxproj", "{6C3D11FC-FDE0-489A-AF76-4D4BCE731199}"
EndProject
Global
	GlobalSection(SolutionConfigurationPlatforms) = preSolution
		Debug|x64 = Debug|x64
		Debug|x86 = Debug|x86
		Release|x64 = Release|x64
		Release|x86 = Release|x86
	EndGlobalSection
	GlobalSection(ProjectConfigurationPlatforms) = postSolution
		{6C3D11FC-FDE0-489A-AF76-4D4BCE731199}.Debug|x64.ActiveCfg = Debug|x64
		{6C3D11FC-FDE0-489A-AF76-4D4BCE731199}.Debug|x64.Build.0 = Debug|x64
		{6C3D11FC-FDE0-489A-AF76-4D4BCE731199}.Debug|x86.ActiveCfg = Debug|Win32
		{6C3D11FC-FDE0-489A-AF76-4D4BCE731199}.Debug|x86.Build.0 = Debug|Win32
		{6C3D11FC-FDE0-489A-AF76-4D4BCE731199}.Release|x64.ActiveCfg = Release|x64
		{6C3D11FC-FDE0-489A-AF76-4D4BCE731199}.Release|x64.Build.0 = Release|x64
		{6C3D11FC-FDE0-489A-AF76-4D4BCE731199}.Release|x86.ActiveCfg = Release|Win32
		{6C3D11FC-FDE0-489A-AF76-4D4BCE731199}.Release|x86.Build.0 = Release|Win32
	EndGlobalSection
	GlobalSection(SolutionProperties) = preSolution
		HideSolutionNode = FALSE
	EndGlobalSection
	GlobalSection(ExtensibilityGlobals) = postSolution
		SolutionGuid = {9AC0AD90-249D-4CB0-A30B-7FFDEDFB137E}
	EndGlobalSection
EndGlobal
